<?xml version="1.0" encoding="utf-8"?>
<Project ToolsVersion="4.0" xmlns="http://schemas.microsoft.com/developer/msbuild/2003">
  <ItemGroup>
    <Filter Include="Source Files">
      <UniqueIdentifier>{4FC737F1-C7A5-4376-A066-2A32D752A2FF}</UniqueIdentifier>
      <Extensions>cpp;c;cc;cxx;def;odl;idl;hpj;bat;asm;asmx</Extensions>
    </Filter>
    <Filter Include="Header Files">
      <UniqueIdentifier>{93995380-89BD-4b04-88EB-625FBE52EBFB}</UniqueIdentifier>
      <Extensions>h;hpp;hxx;hm;inl;inc;xsd</Extensions>
    </Filter>
  </ItemGroup>
  <ItemGroup>
    <ClInclude Include="stdafx.h">
      <Filter>Header Files</Filter>
    </ClInclude>
    <ClInclude Include="targetver.h">
      <Filter>Header Files</Filter>
    </ClInclude>
    <ClInclude Include="atlrx.h">
      <Filter>Header Files</Filter>
    </ClInclude>
    <ClInclude Include="drwnAgent.h">
      <Filter>Header Files</Filter>
    </ClInclude>
    <ClInclude Include="drwnBernoulliMarginal.h">
      <Filter>Header Files</Filter>
    </ClInclude>
    <ClInclude Include="drwnBinaryImageDataset.h">
      <Filter>Header Files</Filter>
    </ClInclude>
    <ClInclude Include="drwnCdf.h">
      <Filter>Header Files</Filter>
    </ClInclude>
    <ClInclude Include="drwnClaytonCopula.h">
      <Filter>Header Files</Filter>
    </ClInclude>
    <ClInclude Include="drwnCliqueInfo.h">
      <Filter>Header Files</Filter>
    </ClInclude>
    <ClInclude Include="drwnCliqueParent.h">
      <Filter>Header Files</Filter>
    </ClInclude>
    <ClInclude Include="drwnCliqueTree.h">
      <Filter>Header Files</Filter>
    </ClInclude>
    <ClInclude Include="drwnCopulaSamples.h">
      <Filter>Header Files</Filter>
    </ClInclude>
    <ClInclude Include="drwnCumulativeDebug.h">
      <Filter>Header Files</Filter>
    </ClInclude>
    <ClInclude Include="drwnCumulativeNet.h">
      <Filter>Header Files</Filter>
    </ClInclude>
    <ClInclude Include="drwnCumulativeUtils.h">
      <Filter>Header Files</Filter>
    </ClInclude>
    <ClInclude Include="drwnExponentialMarginal.h">
      <Filter>Header Files</Filter>
    </ClInclude>
    <ClInclude Include="drwnFrankCopula.h">
      <Filter>Header Files</Filter>
    </ClInclude>
    <ClInclude Include="drwnGdiPlus.h">
      <Filter>Header Files</Filter>
    </ClInclude>
    <ClInclude Include="drwnGradientDescent.h">
      <Filter>Header Files</Filter>
    </ClInclude>
    <ClInclude Include="drwnGumbelCopula.h">
      <Filter>Header Files</Filter>
    </ClInclude>
    <ClInclude Include="drwnLearnBarrierMethod.h">
      <Filter>Header Files</Filter>
    </ClInclude>
    <ClInclude Include="drwnLearnModel.h">
      <Filter>Header Files</Filter>
    </ClInclude>
    <ClInclude Include="drwnLearnRestartOnError.h">
      <Filter>Header Files</Filter>
    </ClInclude>
    <ClInclude Include="drwnNodes.h">
      <Filter>Header Files</Filter>
    </ClInclude>
    <ClInclude Include="drwnNormCopula.h">
      <Filter>Header Files</Filter>
    </ClInclude>
    <ClInclude Include="drwnNormMarginal.h">
      <Filter>Header Files</Filter>
    </ClInclude>
    <ClInclude Include="drwnNumericalDerivative.h">
      <Filter>Header Files</Filter>
    </ClInclude>
    <ClInclude Include="drwnOptimizer.h">
      <Filter>Header Files</Filter>
    </ClInclude>
    <ClInclude Include="drwnPolyCopula.h">
      <Filter>Header Files</Filter>
    </ClInclude>
    <ClInclude Include="drwnSampleCliques.h">
      <Filter>Header Files</Filter>
    </ClInclude>
    <ClInclude Include="drwnSamples.h">
      <Filter>Header Files</Filter>
    </ClInclude>
    <ClInclude Include="drwnSmartPointer.h">
      <Filter>Header Files</Filter>
    </ClInclude>
    <ClInclude Include="drwnSubset.h">
      <Filter>Header Files</Filter>
    </ClInclude>
    <ClInclude Include="drwnTestCases.h">
      <Filter>Header Files</Filter>
    </ClInclude>
    <ClInclude Include="drwnVarUniverse.h">
      <Filter>Header Files</Filter>
    </ClInclude>
    <ClInclude Include="drwnWindow.h">
      <Filter>Header Files</Filter>
    </ClInclude>
    <ClInclude Include="f2c.h">
      <Filter>Header Files</Filter>
    </ClInclude>
    <ClInclude Include="mvnpack.h">
      <Filter>Header Files</Filter>
    </ClInclude>
    <ClInclude Include="RegExp.h">
      <Filter>Header Files</Filter>
    </ClInclude>
    <ClInclude Include="StringProcess.h">
      <Filter>Header Files</Filter>
    </ClInclude>
    <ClInclude Include="WinHttpClient.h">
      <Filter>Header Files</Filter>
    </ClInclude>
    <ClInclude Include="drwnPixelMarginal.h">
      <Filter>Header Files</Filter>
    </ClInclude>
    <ClInclude Include="drwnLearnSubmodel.h">
      <Filter>Header Files</Filter>
    </ClInclude>
    <ClInclude Include="drwnLearnPiecewise.h">
      <Filter>Header Files</Filter>
    </ClInclude>
  </ItemGroup>
  <ItemGroup>
    <ClCompile Include="stdafx.cpp">
      <Filter>Source Files</Filter>
    </ClCompile>
    <ClCompile Include="main.cpp">
      <Filter>Source Files</Filter>
    </ClCompile>
    <ClCompile Include="drwnAgent.cpp">
      <Filter>Source Files</Filter>
    </ClCompile>
    <ClCompile Include="drwnBernoulliMarginal.cpp">
      <Filter>Source Files</Filter>
    </ClCompile>
    <ClCompile Include="drwnBinaryImageDataset.cpp">
      <Filter>Source Files</Filter>
    </ClCompile>
    <ClCompile Include="drwnCdf.cpp">
      <Filter>Source Files</Filter>
    </ClCompile>
    <ClCompile Include="drwnClaytonCopula.cpp">
      <Filter>Source Files</Filter>
    </ClCompile>
    <ClCompile Include="drwnCumulativeDebug.cpp">
      <Filter>Source Files</Filter>
    </ClCompile>
    <ClCompile Include="drwnCumulativeUtils.cpp">
      <Filter>Source Files</Filter>
    </ClCompile>
    <ClCompile Include="drwnExponentialMarginal.cpp">
      <Filter>Source Files</Filter>
    </ClCompile>
    <ClCompile Include="drwnFrankCopula.cpp">
      <Filter>Source Files</Filter>
    </ClCompile>
    <ClCompile Include="drwnGumbelCopula.cpp">
      <Filter>Source Files</Filter>
    </ClCompile>
    <ClCompile Include="drwnNormCopula.cpp">
      <Filter>Source Files</Filter>
    </ClCompile>
    <ClCompile Include="drwnNormMarginal.cpp">
      <Filter>Source Files</Filter>
    </ClCompile>
    <ClCompile Include="drwnOptimizer.cpp">
      <Filter>Source Files</Filter>
    </ClCompile>
    <ClCompile Include="drwnPolyCopula.cpp">
      <Filter>Source Files</Filter>
    </ClCompile>
    <ClCompile Include="drwnTestCases.cpp">
      <Filter>Source Files</Filter>
    </ClCompile>
    <ClCompile Include="drwnVarUniverse.cpp">
      <Filter>Source Files</Filter>
    </ClCompile>
    <ClCompile Include="drwnWindow.cpp">
      <Filter>Source Files</Filter>
    </ClCompile>
    <ClCompile Include="mvnpack.c">
      <Filter>Source Files</Filter>
    </ClCompile>
    <ClCompile Include="drwnPixelMarginal.cpp">
      <Filter>Source Files</Filter>
    </ClCompile>
    <ClCompile Include="junk.cpp">
      <Filter>Source Files</Filter>
    </ClCompile>
  </ItemGroup>
  <ItemGroup>
    <Text Include="..\ReadMe.txt" />
  </ItemGroup>
</Project>